// !$*UTF8*$!
{
	archiveVersion = 1;
	classes = {
	};
	objectVersion = 55;
	objects = {

/* Begin PBXBuildFile section */
		B99F4C7E28A3DAFD00076A02 /* Social_Network_ChallengeApp.swift in Sources */ = {isa = PBXBuildFile; fileRef = B99F4C7D28A3DAFD00076A02 /* Social_Network_ChallengeApp.swift */; };
		B99F4C8028A3DAFD00076A02 /* ContentView.swift in Sources */ = {isa = PBXBuildFile; fileRef = B99F4C7F28A3DAFD00076A02 /* ContentView.swift */; };
		B99F4C8228A3DAFE00076A02 /* Assets.xcassets in Resources */ = {isa = PBXBuildFile; fileRef = B99F4C8128A3DAFE00076A02 /* Assets.xcassets */; };
		B99F4C8528A3DAFE00076A02 /* Preview Assets.xcassets in Resources */ = {isa = PBXBuildFile; fileRef = B99F4C8428A3DAFE00076A02 /* Preview Assets.xcassets */; };
		B99F4C8F28A3DAFE00076A02 /* Social_Network_ChallengeTests.swift in Sources */ = {isa = PBXBuildFile; fileRef = B99F4C8E28A3DAFE00076A02 /* Social_Network_ChallengeTests.swift */; };
		B99F4C9928A3DAFE00076A02 /* Social_Network_ChallengeUITests.swift in Sources */ = {isa = PBXBuildFile; fileRef = B99F4C9828A3DAFE00076A02 /* Social_Network_ChallengeUITests.swift */; };
		B99F4C9B28A3DAFE00076A02 /* Social_Network_ChallengeUITestsLaunchTests.swift in Sources */ = {isa = PBXBuildFile; fileRef = B99F4C9A28A3DAFE00076A02 /* Social_Network_ChallengeUITestsLaunchTests.swift */; };
		B9B108AC28A52836000C468A /* UserModel.swift in Sources */ = {isa = PBXBuildFile; fileRef = B9B108AB28A52836000C468A /* UserModel.swift */; };
/* End PBXBuildFile section */

/* Begin PBXContainerItemProxy section */
		B99F4C8B28A3DAFE00076A02 /* PBXContainerItemProxy */ = {
			isa = PBXContainerItemProxy;
			containerPortal = B99F4C7228A3DAFD00076A02 /* Project object */;
			proxyType = 1;
			remoteGlobalIDString = B99F4C7928A3DAFD00076A02;
			remoteInfo = "Social-Network-Challenge";
		};
		B99F4C9528A3DAFE00076A02 /* PBXContainerItemProxy */ = {
			isa = PBXContainerItemProxy;
			containerPortal = B99F4C7228A3DAFD00076A02 /* Project object */;
			proxyType = 1;
			remoteGlobalIDString = B99F4C7928A3DAFD00076A02;
			remoteInfo = "Social-Network-Challenge";
		};
/* End PBXContainerItemProxy section */

/* Begin PBXFileReference section */
		B99F4C7A28A3DAFD00076A02 /* Social-Network-Challenge.app */ = {isa = PBXFileReference; explicitFileType = wrapper.application; includeInIndex = 0; path = "Social-Network-Challenge.app"; sourceTree = BUILT_PRODUCTS_DIR; };
		B99F4C7D28A3DAFD00076A02 /* Social_Network_ChallengeApp.swift */ = {isa = PBXFileReference; lastKnownFileType = sourcecode.swift; path = Social_Network_ChallengeApp.swift; sourceTree = "<group>"; };
		B99F4C7F28A3DAFD00076A02 /* ContentView.swift */ = {isa = PBXFileReference; lastKnownFileType = sourcecode.swift; path = ContentView.swift; sourceTree = "<group>"; };
		B99F4C8128A3DAFE00076A02 /* Assets.xcassets */ = {isa = PBXFileReference; lastKnownFileType = folder.assetcatalog; path = Assets.xcassets; sourceTree = "<group>"; };
		B99F4C8428A3DAFE00076A02 /* Preview Assets.xcassets */ = {isa = PBXFileReference; lastKnownFileType = folder.assetcatalog; path = "Preview Assets.xcassets"; sourceTree = "<group>"; };
		B99F4C8A28A3DAFE00076A02 /* Social-Network-ChallengeTests.xctest */ = {isa = PBXFileReference; explicitFileType = wrapper.cfbundle; includeInIndex = 0; path = "Social-Network-ChallengeTests.xctest"; sourceTree = BUILT_PRODUCTS_DIR; };
		B99F4C8E28A3DAFE00076A02 /* Social_Network_ChallengeTests.swift */ = {isa = PBXFileReference; lastKnownFileType = sourcecode.swift; path = Social_Network_ChallengeTests.swift; sourceTree = "<group>"; };
		B99F4C9428A3DAFE00076A02 /* Social-Network-ChallengeUITests.xctest */ = {isa = PBXFileReference; explicitFileType = wrapper.cfbundle; includeInIndex = 0; path = "Social-Network-ChallengeUITests.xctest"; sourceTree = BUILT_PRODUCTS_DIR; };
		B99F4C9828A3DAFE00076A02 /* Social_Network_ChallengeUITests.swift */ = {isa = PBXFileReference; lastKnownFileType = sourcecode.swift; path = Social_Network_ChallengeUITests.swift; sourceTree = "<group>"; };
		B99F4C9A28A3DAFE00076A02 /* Social_Network_ChallengeUITestsLaunchTests.swift */ = {isa = PBXFileReference; lastKnownFileType = sourcecode.swift; path = Social_Network_ChallengeUITestsLaunchTests.swift; sourceTree = "<group>"; };
		B9B108AB28A52836000C468A /* UserModel.swift */ = {isa = PBXFileReference; lastKnownFileType = sourcecode.swift; path = UserModel.swift; sourceTree = "<group>"; };
/* End PBXFileReference section */

/* Begin PBXFrameworksBuildPhase section */
		B99F4C7728A3DAFD00076A02 /* Frameworks */ = {
			isa = PBXFrameworksBuildPhase;
			buildActionMask = 2147483647;
			files = (
			);
			runOnlyForDeploymentPostprocessing = 0;
		};
		B99F4C8728A3DAFE00076A02 /* Frameworks */ = {
			isa = PBXFrameworksBuildPhase;
			buildActionMask = 2147483647;
			files = (
			);
			runOnlyForDeploymentPostprocessing = 0;
		};
		B99F4C9128A3DAFE00076A02 /* Frameworks */ = {
			isa = PBXFrameworksBuildPhase;
			buildActionMask = 2147483647;
			files = (
			);
			runOnlyForDeploymentPostprocessing = 0;
		};
/* End PBXFrameworksBuildPhase section */

/* Begin PBXGroup section */
		B99F4C7128A3DAFD00076A02 = {
			isa = PBXGroup;
			children = (
				B99F4C7C28A3DAFD00076A02 /* Social-Network-Challenge */,
				B99F4C8D28A3DAFE00076A02 /* Social-Network-ChallengeTests */,
				B99F4C9728A3DAFE00076A02 /* Social-Network-ChallengeUITests */,
				B99F4C7B28A3DAFD00076A02 /* Products */,
			);
			sourceTree = "<group>";
		};
		B99F4C7B28A3DAFD00076A02 /* Products */ = {
			isa = PBXGroup;
			children = (
				B99F4C7A28A3DAFD00076A02 /* Social-Network-Challenge.app */,
				B99F4C8A28A3DAFE00076A02 /* Social-Network-ChallengeTests.xctest */,
				B99F4C9428A3DAFE00076A02 /* Social-Network-ChallengeUITests.xctest */,
			);
			name = Products;
			sourceTree = "<group>";
		};
		B99F4C7C28A3DAFD00076A02 /* Social-Network-Challenge */ = {
			isa = PBXGroup;
			children = (
				B9B108A528A5277D000C468A /* Model */,
				B9B108A728A527B4000C468A /* View */,
				B9B108A828A527CE000C468A /* View Model */,
				B9B108A928A527D8000C468A /* Service */,
				B99F4C7D28A3DAFD00076A02 /* Social_Network_ChallengeApp.swift */,
				B99F4C7F28A3DAFD00076A02 /* ContentView.swift */,
				B99F4C8128A3DAFE00076A02 /* Assets.xcassets */,
				B99F4C8328A3DAFE00076A02 /* Preview Content */,
			);
			path = "Social-Network-Challenge";
			sourceTree = "<group>";
		};
		B99F4C8328A3DAFE00076A02 /* Preview Content */ = {
			isa = PBXGroup;
			children = (
				B99F4C8428A3DAFE00076A02 /* Preview Assets.xcassets */,
			);
			path = "Preview Content";
			sourceTree = "<group>";
		};
		B99F4C8D28A3DAFE00076A02 /* Social-Network-ChallengeTests */ = {
			isa = PBXGroup;
			children = (
				B99F4C8E28A3DAFE00076A02 /* Social_Network_ChallengeTests.swift */,
			);
			path = "Social-Network-ChallengeTests";
			sourceTree = "<group>";
		};
		B99F4C9728A3DAFE00076A02 /* Social-Network-ChallengeUITests */ = {
			isa = PBXGroup;
			children = (
				B99F4C9828A3DAFE00076A02 /* Social_Network_ChallengeUITests.swift */,
				B99F4C9A28A3DAFE00076A02 /* Social_Network_ChallengeUITestsLaunchTests.swift */,
			);
			path = "Social-Network-ChallengeUITests";
			sourceTree = "<group>";
		};
		B9B108A528A5277D000C468A /* Model */ = {
			isa = PBXGroup;
			children = (
				B9B108AB28A52836000C468A /* UserModel.swift */,
			);
			path = Model;
			sourceTree = "<group>";
		};
		B9B108A728A527B4000C468A /* View */ = {
			isa = PBXGroup;
			children = (
			);
			path = View;
			sourceTree = "<group>";
		};
		B9B108A828A527CE000C468A /* View Model */ = {
			isa = PBXGroup;
			children = (
			);
			path = "View Model";
			sourceTree = "<group>";
		};
		B9B108A928A527D8000C468A /* Service */ = {
			isa = PBXGroup;
			children = (
			);
			path = Service;
			sourceTree = "<group>";
		};
/* End PBXGroup section */

/* Begin PBXNativeTarget section */
		B99F4C7928A3DAFD00076A02 /* Social-Network-Challenge */ = {
			isa = PBXNativeTarget;
			buildConfigurationList = B99F4C9E28A3DAFE00076A02 /* Build configuration list for PBXNativeTarget "Social-Network-Challenge" */;
			buildPhases = (
				B99F4C7628A3DAFD00076A02 /* Sources */,
				B99F4C7728A3DAFD00076A02 /* Frameworks */,
				B99F4C7828A3DAFD00076A02 /* Resources */,
			);
			buildRules = (
			);
			dependencies = (
			);
			name = "Social-Network-Challenge";
			productName = "Social-Network-Challenge";
			productReference = B99F4C7A28A3DAFD00076A02 /* Social-Network-Challenge.app */;
			productType = "com.apple.product-type.application";
		};
		B99F4C8928A3DAFE00076A02 /* Social-Network-ChallengeTests */ = {
			isa = PBXNativeTarget;
			buildConfigurationList = B99F4CA128A3DAFE00076A02 /* Build configuration list for PBXNativeTarget "Social-Network-ChallengeTests" */;
			buildPhases = (
				B99F4C8628A3DAFE00076A02 /* Sources */,
				B99F4C8728A3DAFE00076A02 /* Frameworks */,
				B99F4C8828A3DAFE00076A02 /* Resources */,
			);
			buildRules = (
			);
			dependencies = (
				B99F4C8C28A3DAFE00076A02 /* PBXTargetDependency */,
			);
			name = "Social-Network-ChallengeTests";
			productName = "Social-Network-ChallengeTests";
			productReference = B99F4C8A28A3DAFE00076A02 /* Social-Network-ChallengeTests.xctest */;
			productType = "com.apple.product-type.bundle.unit-test";
		};
		B99F4C9328A3DAFE00076A02 /* Social-Network-ChallengeUITests */ = {
			isa = PBXNativeTarget;
			buildConfigurationList = B99F4CA428A3DAFE00076A02 /* Build configuration list for PBXNativeTarget "Social-Network-ChallengeUITests" */;
			buildPhases = (
				B99F4C9028A3DAFE00076A02 /* Sources */,
				B99F4C9128A3DAFE00076A02 /* Frameworks */,
				B99F4C9228A3DAFE00076A02 /* Resources */,
			);
			buildRules = (
			);
			dependencies = (
				B99F4C9628A3DAFE00076A02 /* PBXTargetDependency */,
			);
			name = "Social-Network-ChallengeUITests";
			productName = "Social-Network-ChallengeUITests";
			productReference = B99F4C9428A3DAFE00076A02 /* Social-Network-ChallengeUITests.xctest */;
			productType = "com.apple.product-type.bundle.ui-testing";
		};
/* End PBXNativeTarget section */

/* Begin PBXProject section */
		B99F4C7228A3DAFD00076A02 /* Project object */ = {
			isa = PBXProject;
			attributes = {
				BuildIndependentTargetsInParallel = 1;
				LastSwiftUpdateCheck = 1320;
				LastUpgradeCheck = 1320;
				TargetAttributes = {
					B99F4C7928A3DAFD00076A02 = {
						CreatedOnToolsVersion = 13.2.1;
					};
					B99F4C8928A3DAFE00076A02 = {
						CreatedOnToolsVersion = 13.2.1;
						TestTargetID = B99F4C7928A3DAFD00076A02;
					};
					B99F4C9328A3DAFE00076A02 = {
						CreatedOnToolsVersion = 13.2.1;
						TestTargetID = B99F4C7928A3DAFD00076A02;
					};
				};
			};
			buildConfigurationList = B99F4C7528A3DAFD00076A02 /* Build configuration list for PBXProject "Social-Network-Challenge" */;
			compatibilityVersion = "Xcode 13.0";
			developmentRegion = en;
			hasScannedForEncodings = 0;
			knownRegions = (
				en,
				Base,
			);
			mainGroup = B99F4C7128A3DAFD00076A02;
			productRefGroup = B99F4C7B28A3DAFD00076A02 /* Products */;
			projectDirPath = "";
			projectRoot = "";
			targets = (
				B99F4C7928A3DAFD00076A02 /* Social-Network-Challenge */,
				B99F4C8928A3DAFE00076A02 /* Social-Network-ChallengeTests */,
				B99F4C9328A3DAFE00076A02 /* Social-Network-ChallengeUITests */,
			);
		};
/* End PBXProject section */

/* Begin PBXResourcesBuildPhase section */
		B99F4C7828A3DAFD00076A02 /* Resources */ = {
			isa = PBXResourcesBuildPhase;
			buildActionMask = 2147483647;
			files = (
				B99F4C8528A3DAFE00076A02 /* Preview Assets.xcassets in Resources */,
				B99F4C8228A3DAFE00076A02 /* Assets.xcassets in Resources */,
			);
			runOnlyForDeploymentPostprocessing = 0;
		};
		B99F4C8828A3DAFE00076A02 /* Resources */ = {
			isa = PBXResourcesBuildPhase;
			buildActionMask = 2147483647;
			files = (
			);
			runOnlyForDeploymentPostprocessing = 0;
		};
		B99F4C9228A3DAFE00076A02 /* Resources */ = {
			isa = PBXResourcesBuildPhase;
			buildActionMask = 2147483647;
			files = (
			);
			runOnlyForDeploymentPostprocessing = 0;
		};
/* End PBXResourcesBuildPhase section */

/* Begin PBXSourcesBuildPhase section */
		B99F4C7628A3DAFD00076A02 /* Sources */ = {
			isa = PBXSourcesBuildPhase;
			buildActionMask = 2147483647;
			files = (
				B99F4C8028A3DAFD00076A02 /* ContentView.swift in Sources */,
				B9B108AC28A52836000C468A /* UserModel.swift in Sources */,
				B99F4C7E28A3DAFD00076A02 /* Social_Network_ChallengeApp.swift in Sources */,
			);
			runOnlyForDeploymentPostprocessing = 0;
		};
		B99F4C8628A3DAFE00076A02 /* Sources */ = {
			isa = PBXSourcesBuildPhase;
			buildActionMask = 2147483647;
			files = (
				B99F4C8F28A3DAFE00076A02 /* Social_Network_ChallengeTests.swift in Sources */,
			);
			runOnlyForDeploymentPostprocessing = 0;
		};
		B99F4C9028A3DAFE00076A02 /* Sources */ = {
			isa = PBXSourcesBuildPhase;
			buildActionMask = 2147483647;
			files = (
				B99F4C9B28A3DAFE00076A02 /* Social_Network_ChallengeUITestsLaunchTests.swift in Sources */,
				B99F4C9928A3DAFE00076A02 /* Social_Network_ChallengeUITests.swift in Sources */,
			);
			runOnlyForDeploymentPostprocessing = 0;
		};
/* End PBXSourcesBuildPhase section */

/* Begin PBXTargetDependency section */
		B99F4C8C28A3DAFE00076A02 /* PBXTargetDependency */ = {
			isa = PBXTargetDependency;
			target = B99F4C7928A3DAFD00076A02 /* Social-Network-Challenge */;
			targetProxy = B99F4C8B28A3DAFE00076A02 /* PBXContainerItemProxy */;
		};
		B99F4C9628A3DAFE00076A02 /* PBXTargetDependency */ = {
			isa = PBXTargetDependency;
			target = B99F4C7928A3DAFD00076A02 /* Social-Network-Challenge */;
			targetProxy = B99F4C9528A3DAFE00076A02 /* PBXContainerItemProxy */;
		};
/* End PBXTargetDependency section */

/* Begin XCBuildConfiguration section */
		B99F4C9C28A3DAFE00076A02 /* Debug */ = {
			isa = XCBuildConfiguration;
			buildSettings = {
				ALWAYS_SEARCH_USER_PATHS = NO;
				CLANG_ANALYZER_NONNULL = YES;
				CLANG_ANALYZER_NUMBER_OBJECT_CONVERSION = YES_AGGRESSIVE;
				CLANG_CXX_LANGUAGE_STANDARD = "gnu++17";
				CLANG_CXX_LIBRARY = "libc++";
				CLANG_ENABLE_MODULES = YES;
				CLANG_ENABLE_OBJC_ARC = YES;
				CLANG_ENABLE_OBJC_WEAK = YES;
				CLANG_WARN_BLOCK_CAPTURE_AUTORELEASING = YES;
				CLANG_WARN_BOOL_CONVERSION = YES;
				CLANG_WARN_COMMA = YES;
				CLANG_WARN_CONSTANT_CONVERSION = YES;
				CLANG_WARN_DEPRECATED_OBJC_IMPLEMENTATIONS = YES;
				CLANG_WARN_DIRECT_OBJC_ISA_USAGE = YES_ERROR;
				CLANG_WARN_DOCUMENTATION_COMMENTS = YES;
				CLANG_WARN_EMPTY_BODY = YES;
				CLANG_WARN_ENUM_CONVERSION = YES;
				CLANG_WARN_INFINITE_RECURSION = YES;
				CLANG_WARN_INT_CONVERSION = YES;
				CLANG_WARN_NON_LITERAL_NULL_CONVERSION = YES;
				CLANG_WARN_OBJC_IMPLICIT_RETAIN_SELF = YES;
				CLANG_WARN_OBJC_LITERAL_CONVERSION = YES;
				CLANG_WARN_OBJC_ROOT_CLASS = YES_ERROR;
				CLANG_WARN_QUOTED_INCLUDE_IN_FRAMEWORK_HEADER = YES;
				CLANG_WARN_RANGE_LOOP_ANALYSIS = YES;
				CLANG_WARN_STRICT_PROTOTYPES = YES;
				CLANG_WARN_SUSPICIOUS_MOVE = YES;
				CLANG_WARN_UNGUARDED_AVAILABILITY = YES_AGGRESSIVE;
				CLANG_WARN_UNREACHABLE_CODE = YES;
				CLANG_WARN__DUPLICATE_METHOD_MATCH = YES;
				COPY_PHASE_STRIP = NO;
				DEBUG_INFORMATION_FORMAT = dwarf;
				ENABLE_STRICT_OBJC_MSGSEND = YES;
				ENABLE_TESTABILITY = YES;
				GCC_C_LANGUAGE_STANDARD = gnu11;
				GCC_DYNAMIC_NO_PIC = NO;
				GCC_NO_COMMON_BLOCKS = YES;
				GCC_OPTIMIZATION_LEVEL = 0;
				GCC_PREPROCESSOR_DEFINITIONS = (
					"DEBUG=1",
					"$(inherited)",
				);
				GCC_WARN_64_TO_32_BIT_CONVERSION = YES;
				GCC_WARN_ABOUT_RETURN_TYPE = YES_ERROR;
				GCC_WARN_UNDECLARED_SELECTOR = YES;
				GCC_WARN_UNINITIALIZED_AUTOS = YES_AGGRESSIVE;
				GCC_WARN_UNUSED_FUNCTION = YES;
				GCC_WARN_UNUSED_VARIABLE = YES;
				IPHONEOS_DEPLOYMENT_TARGET = 15.2;
				MTL_ENABLE_DEBUG_INFO = INCLUDE_SOURCE;
				MTL_FAST_MATH = YES;
				ONLY_ACTIVE_ARCH = YES;
				SDKROOT = iphoneos;
				SWIFT_ACTIVE_COMPILATION_CONDITIONS = DEBUG;
				SWIFT_OPTIMIZATION_LEVEL = "-Onone";
			};
			name = Debug;
		};
		B99F4C9D28A3DAFE00076A02 /* Release */ = {
			isa = XCBuildConfiguration;
			buildSettings = {
				ALWAYS_SEARCH_USER_PATHS = NO;
				CLANG_ANALYZER_NONNULL = YES;
				CLANG_ANALYZER_NUMBER_OBJECT_CONVERSION = YES_AGGRESSIVE;
				CLANG_CXX_LANGUAGE_STANDARD = "gnu++17";
				CLANG_CXX_LIBRARY = "libc++";
				CLANG_ENABLE_MODULES = YES;
				CLANG_ENABLE_OBJC_ARC = YES;
				CLANG_ENABLE_OBJC_WEAK = YES;
				CLANG_WARN_BLOCK_CAPTURE_AUTORELEASING = YES;
				CLANG_WARN_BOOL_CONVERSION = YES;
				CLANG_WARN_COMMA = YES;
				CLANG_WARN_CONSTANT_CONVERSION = YES;
				CLANG_WARN_DEPRECATED_OBJC_IMPLEMENTATIONS = YES;
				CLANG_WARN_DIRECT_OBJC_ISA_USAGE = YES_ERROR;
				CLANG_WARN_DOCUMENTATION_COMMENTS = YES;
				CLANG_WARN_EMPTY_BODY = YES;
				CLANG_WARN_ENUM_CONVERSION = YES;
				CLANG_WARN_INFINITE_RECURSION = YES;
				CLANG_WARN_INT_CONVERSION = YES;
				CLANG_WARN_NON_LITERAL_NULL_CONVERSION = YES;
				CLANG_WARN_OBJC_IMPLICIT_RETAIN_SELF = YES;
				CLANG_WARN_OBJC_LITERAL_CONVERSION = YES;
				CLANG_WARN_OBJC_ROOT_CLASS = YES_ERROR;
				CLANG_WARN_QUOTED_INCLUDE_IN_FRAMEWORK_HEADER = YES;
				CLANG_WARN_RANGE_LOOP_ANALYSIS = YES;
				CLANG_WARN_STRICT_PROTOTYPES = YES;
				CLANG_WARN_SUSPICIOUS_MOVE = YES;
				CLANG_WARN_UNGUARDED_AVAILABILITY = YES_AGGRESSIVE;
				CLANG_WARN_UNREACHABLE_CODE = YES;
				CLANG_WARN__DUPLICATE_METHOD_MATCH = YES;
				COPY_PHASE_STRIP = NO;
				DEBUG_INFORMATION_FORMAT = "dwarf-with-dsym";
				ENABLE_NS_ASSERTIONS = NO;
				ENABLE_STRICT_OBJC_MSGSEND = YES;
				GCC_C_LANGUAGE_STANDARD = gnu11;
				GCC_NO_COMMON_BLOCKS = YES;
				GCC_WARN_64_TO_32_BIT_CONVERSION = YES;
				GCC_WARN_ABOUT_RETURN_TYPE = YES_ERROR;
				GCC_WARN_UNDECLARED_SELECTOR = YES;
				GCC_WARN_UNINITIALIZED_AUTOS = YES_AGGRESSIVE;
				GCC_WARN_UNUSED_FUNCTION = YES;
				GCC_WARN_UNUSED_VARIABLE = YES;
				IPHONEOS_DEPLOYMENT_TARGET = 15.2;
				MTL_ENABLE_DEBUG_INFO = NO;
				MTL_FAST_MATH = YES;
				SDKROOT = iphoneos;
				SWIFT_COMPILATION_MODE = wholemodule;
				SWIFT_OPTIMIZATION_LEVEL = "-O";
				VALIDATE_PRODUCT = YES;
			};
			name = Release;
		};
		B99F4C9F28A3DAFE00076A02 /* Debug */ = {
			isa = XCBuildConfiguration;
			buildSettings = {
				ASSETCATALOG_COMPILER_APPICON_NAME = AppIcon;
				ASSETCATALOG_COMPILER_GLOBAL_ACCENT_COLOR_NAME = AccentColor;
				CODE_SIGN_STYLE = Automatic;
				CURRENT_PROJECT_VERSION = 1;
				DEVELOPMENT_ASSET_PATHS = "\"Social-Network-Challenge/Preview Content\"";
				ENABLE_PREVIEWS = YES;
				GENERATE_INFOPLIST_FILE = YES;
				INFOPLIST_KEY_UIApplicationSceneManifest_Generation = YES;
				INFOPLIST_KEY_UIApplicationSupportsIndirectInputEvents = YES;
				INFOPLIST_KEY_UILaunchScreen_Generation = YES;
				INFOPLIST_KEY_UISupportedInterfaceOrientations_iPad = "UIInterfaceOrientationPortrait UIInterfaceOrientationPortraitUpsideDown UIInterfaceOrientationLandscapeLeft UIInterfaceOrientationLandscapeRight";
				INFOPLIST_KEY_UISupportedInterfaceOrientations_iPhone = "UIInterfaceOrientationPortrait UIInterfaceOrientationLandscapeLeft UIInterfaceOrientationLandscapeRight";
				LD_RUNPATH_SEARCH_PATHS = (
					"$(inherited)",
					"@executable_path/Frameworks",
				);
				MARKETING_VERSION = 1.0;
				PRODUCT_BUNDLE_IDENTIFIER = "CBL.Social-Network-Challenge";
				PRODUCT_NAME = "$(TARGET_NAME)";
				SWIFT_EMIT_LOC_STRINGS = YES;
				SWIFT_VERSION = 5.0;
				TARGETED_DEVICE_FAMILY = "1,2";
			};
			name = Debug;
		};
		B99F4CA028A3DAFE00076A02 /* Release */ = {
			isa = XCBuildConfiguration;
			buildSettings = {
				ASSETCATALOG_COMPILER_APPICON_NAME = AppIcon;
				ASSETCATALOG_COMPILER_GLOBAL_ACCENT_COLOR_NAME = AccentColor;
				CODE_SIGN_STYLE = Automatic;
				CURRENT_PROJECT_VERSION = 1;
				DEVELOPMENT_ASSET_PATHS = "\"Social-Network-Challenge/Preview Content\"";
				ENABLE_PREVIEWS = YES;
				GENERATE_INFOPLIST_FILE = YES;
				INFOPLIST_KEY_UIApplicationSceneManifest_Generation = YES;
				INFOPLIST_KEY_UIApplicationSupportsIndirectInputEvents = YES;
				INFOPLIST_KEY_UILaunchScreen_Generation = YES;
				INFOPLIST_KEY_UISupportedInterfaceOrientations_iPad = "UIInterfaceOrientationPortrait UIInterfaceOrientationPortraitUpsideDown UIInterfaceOrientationLandscapeLeft UIInterfaceOrientationLandscapeRight";
				INFOPLIST_KEY_UISupportedInterfaceOrientations_iPhone = "UIInterfaceOrientationPortrait UIInterfaceOrientationLandscapeLeft UIInterfaceOrientationLandscapeRight";
				LD_RUNPATH_SEARCH_PATHS = (
					"$(inherited)",
					"@executable_path/Frameworks",
				);
				MARKETING_VERSION = 1.0;
				PRODUCT_BUNDLE_IDENTIFIER = "CBL.Social-Network-Challenge";
				PRODUCT_NAME = "$(TARGET_NAME)";
				SWIFT_EMIT_LOC_STRINGS = YES;
				SWIFT_VERSION = 5.0;
				TARGETED_DEVICE_FAMILY = "1,2";
			};
			name = Release;
		};
		B99F4CA228A3DAFE00076A02 /* Debug */ = {
			isa = XCBuildConfiguration;
			buildSettings = {
				ALWAYS_EMBED_SWIFT_STANDARD_LIBRARIES = YES;
				BUNDLE_LOADER = "$(TEST_HOST)";
				CODE_SIGN_STYLE = Automatic;
				CURRENT_PROJECT_VERSION = 1;
				GENERATE_INFOPLIST_FILE = YES;
				IPHONEOS_DEPLOYMENT_TARGET = 15.2;
				MARKETING_VERSION = 1.0;
				PRODUCT_BUNDLE_IDENTIFIER = "CBL.Social-Network-ChallengeTests";
				PRODUCT_NAME = "$(TARGET_NAME)";
				SWIFT_EMIT_LOC_STRINGS = NO;
				SWIFT_VERSION = 5.0;
				TARGETED_DEVICE_FAMILY = "1,2";
				TEST_HOST = "$(BUILT_PRODUCTS_DIR)/Social-Network-Challenge.app/Social-Network-Challenge";
			};
			name = Debug;
		};
		B99F4CA328A3DAFE00076A02 /* Release */ = {
			isa = XCBuildConfiguration;
			buildSettings = {
				ALWAYS_EMBED_SWIFT_STANDARD_LIBRARIES = YES;
				BUNDLE_LOADER = "$(TEST_HOST)";
				CODE_SIGN_STYLE = Automatic;
				CURRENT_PROJECT_VERSION = 1;
				GENERATE_INFOPLIST_FILE = YES;
				IPHONEOS_DEPLOYMENT_TARGET = 15.2;
				MARKETING_VERSION = 1.0;
				PRODUCT_BUNDLE_IDENTIFIER = "CBL.Social-Network-ChallengeTests";
				PRODUCT_NAME = "$(TARGET_NAME)";
				SWIFT_EMIT_LOC_STRINGS = NO;
				SWIFT_VERSION = 5.0;
				TARGETED_DEVICE_FAMILY = "1,2";
				TEST_HOST = "$(BUILT_PRODUCTS_DIR)/Social-Network-Challenge.app/Social-Network-Challenge";
			};
			name = Release;
		};
		B99F4CA528A3DAFE00076A02 /* Debug */ = {
			isa = XCBuildConfiguration;
			buildSettings = {
				ALWAYS_EMBED_SWIFT_STANDARD_LIBRARIES = YES;
				CODE_SIGN_STYLE = Automatic;
				CURRENT_PROJECT_VERSION = 1;
				GENERATE_INFOPLIST_FILE = YES;
				MARKETING_VERSION = 1.0;
				PRODUCT_BUNDLE_IDENTIFIER = "CBL.Social-Network-ChallengeUITests";
				PRODUCT_NAME = "$(TARGET_NAME)";
				SWIFT_EMIT_LOC_STRINGS = NO;
				SWIFT_VERSION = 5.0;
				TARGETED_DEVICE_FAMILY = "1,2";
				TEST_TARGET_NAME = "Social-Network-Challenge";
			};
			name = Debug;
		};
		B99F4CA628A3DAFE00076A02 /* Release */ = {
			isa = XCBuildConfiguration;
			buildSettings = {
				ALWAYS_EMBED_SWIFT_STANDARD_LIBRARIES = YES;
				CODE_SIGN_STYLE = Automatic;
				CURRENT_PROJECT_VERSION = 1;
				GENERATE_INFOPLIST_FILE = YES;
				MARKETING_VERSION = 1.0;
				PRODUCT_BUNDLE_IDENTIFIER = "CBL.Social-Network-ChallengeUITests";
				PRODUCT_NAME = "$(TARGET_NAME)";
				SWIFT_EMIT_LOC_STRINGS = NO;
				SWIFT_VERSION = 5.0;
				TARGETED_DEVICE_FAMILY = "1,2";
				TEST_TARGET_NAME = "Social-Network-Challenge";
			};
			name = Release;
		};
/* End XCBuildConfiguration section */

/* Begin XCConfigurationList section */
		B99F4C7528A3DAFD00076A02 /* Build configuration list for PBXProject "Social-Network-Challenge" */ = {
			isa = XCConfigurationList;
			buildConfigurations = (
				B99F4C9C28A3DAFE00076A02 /* Debug */,
				B99F4C9D28A3DAFE00076A02 /* Release */,
			);
			defaultConfigurationIsVisible = 0;
			defaultConfigurationName = Release;
		};
		B99F4C9E28A3DAFE00076A02 /* Build configuration list for PBXNativeTarget "Social-Network-Challenge" */ = {
			isa = XCConfigurationList;
			buildConfigurations = (
				B99F4C9F28A3DAFE00076A02 /* Debug */,
				B99F4CA028A3DAFE00076A02 /* Release */,
			);
			defaultConfigurationIsVisible = 0;
			defaultConfigurationName = Release;
		};
		B99F4CA128A3DAFE00076A02 /* Build configuration list for PBXNativeTarget "Social-Network-ChallengeTests" */ = {
			isa = XCConfigurationList;
			buildConfigurations = (
				B99F4CA228A3DAFE00076A02 /* Debug */,
				B99F4CA328A3DAFE00076A02 /* Release */,
			);
			defaultConfigurationIsVisible = 0;
			defaultConfigurationName = Release;
		};
		B99F4CA428A3DAFE00076A02 /* Build configuration list for PBXNativeTarget "Social-Network-ChallengeUITests" */ = {
			isa = XCConfigurationList;
			buildConfigurations = (
				B99F4CA528A3DAFE00076A02 /* Debug */,
				B99F4CA628A3DAFE00076A02 /* Release */,
			);
			defaultConfigurationIsVisible = 0;
			defaultConfigurationName = Release;
		};
/* End XCConfigurationList section */
	};
	rootObject = B99F4C7228A3DAFD00076A02 /* Project object */;
}
